
Microsoft Visual Studio Solution File, Format Version 12.00
# Visual Studio Version 17
VisualStudioVersion = 17.9.34607.119
MinimumVisualStudioVersion = 10.0.40219.1
Project("{FAE04EC0-301F-11D3-BF4B-00C04F79EFBC}") = "PrimeiroProjeto", "PrimeiroProjeto\PrimeiroProjeto.csproj", "{EC224F19-3B50-4DBB-B7B5-0C550D37B30B}"
EndProject
Global
	GlobalSection(SolutionConfigurationPlatforms) = preSolution
		Debug|Any CPU = Debug|Any CPU
		Release|Any CPU = Release|Any CPU
	EndGlobalSection
	GlobalSection(ProjectConfigurationPlatforms) = postSolution
		{EC224F19-3B50-4DBB-B7B5-0C550D37B30B}.Debug|Any CPU.ActiveCfg = Debug|Any CPU
		{EC224F19-3B50-4DBB-B7B5-0C550D37B30B}.Debug|Any CPU.Build.0 = Debug|Any CPU
		{EC224F19-3B50-4DBB-B7B5-0C550D37B30B}.Release|Any CPU.ActiveCfg = Release|Any CPU
		{EC224F19-3B50-4DBB-B7B5-0C550D37B30B}.Release|Any CPU.Build.0 = Release|Any CPU
	EndGlobalSection
	GlobalSection(SolutionProperties) = preSolution
		HideSolutionNode = FALSE
	EndGlobalSection
	GlobalSection(ExtensibilityGlobals) = postSolution
		SolutionGuid = {55AF8EEB-8A86-4A02-8FB1-7DA790476801}
	EndGlobalSection
EndGlobal
